// !$*UTF8*$!
{
	archiveVersion = 1;
	classes = {
	};
	objectVersion = 56;
	objects = {

/* Begin PBXBuildFile section */
		23CE02DA29D0D88C00886C7F /* StockTwoTabTestApp.swift in Sources */ = {isa = PBXBuildFile; fileRef = 23CE02D929D0D88C00886C7F /* StockTwoTabTestApp.swift */; };
		23CE02DC29D0D88C00886C7F /* ContentView.swift in Sources */ = {isa = PBXBuildFile; fileRef = 23CE02DB29D0D88C00886C7F /* ContentView.swift */; };
		23CE02DE29D0D88E00886C7F /* Assets.xcassets in Resources */ = {isa = PBXBuildFile; fileRef = 23CE02DD29D0D88E00886C7F /* Assets.xcassets */; };
		23CE02E129D0D88E00886C7F /* Preview Assets.xcassets in Resources */ = {isa = PBXBuildFile; fileRef = 23CE02E029D0D88E00886C7F /* Preview Assets.xcassets */; };
		23CE02EB29D0D88E00886C7F /* StockTwoTabTestTests.swift in Sources */ = {isa = PBXBuildFile; fileRef = 23CE02EA29D0D88E00886C7F /* StockTwoTabTestTests.swift */; };
		23CE02F529D0D88E00886C7F /* StockTwoTabTestUITests.swift in Sources */ = {isa = PBXBuildFile; fileRef = 23CE02F429D0D88E00886C7F /* StockTwoTabTestUITests.swift */; };
		23CE02F729D0D88E00886C7F /* StockTwoTabTestUITestsLaunchTests.swift in Sources */ = {isa = PBXBuildFile; fileRef = 23CE02F629D0D88E00886C7F /* StockTwoTabTestUITestsLaunchTests.swift */; };
/* End PBXBuildFile section */

/* Begin PBXContainerItemProxy section */
		23CE02E729D0D88E00886C7F /* PBXContainerItemProxy */ = {
			isa = PBXContainerItemProxy;
			containerPortal = 23CE02CE29D0D88C00886C7F /* Project object */;
			proxyType = 1;
			remoteGlobalIDString = 23CE02D529D0D88C00886C7F;
			remoteInfo = StockTwoTabTest;
		};
		23CE02F129D0D88E00886C7F /* PBXContainerItemProxy */ = {
			isa = PBXContainerItemProxy;
			containerPortal = 23CE02CE29D0D88C00886C7F /* Project object */;
			proxyType = 1;
			remoteGlobalIDString = 23CE02D529D0D88C00886C7F;
			remoteInfo = StockTwoTabTest;
		};
/* End PBXContainerItemProxy section */

/* Begin PBXFileReference section */
		23CE02D629D0D88C00886C7F /* StockTwoTabTest.app */ = {isa = PBXFileReference; explicitFileType = wrapper.application; includeInIndex = 0; path = StockTwoTabTest.app; sourceTree = BUILT_PRODUCTS_DIR; };
		23CE02D929D0D88C00886C7F /* StockTwoTabTestApp.swift */ = {isa = PBXFileReference; lastKnownFileType = sourcecode.swift; path = StockTwoTabTestApp.swift; sourceTree = "<group>"; };
		23CE02DB29D0D88C00886C7F /* ContentView.swift */ = {isa = PBXFileReference; lastKnownFileType = sourcecode.swift; path = ContentView.swift; sourceTree = "<group>"; };
		23CE02DD29D0D88E00886C7F /* Assets.xcassets */ = {isa = PBXFileReference; lastKnownFileType = folder.assetcatalog; path = Assets.xcassets; sourceTree = "<group>"; };
		23CE02E029D0D88E00886C7F /* Preview Assets.xcassets */ = {isa = PBXFileReference; lastKnownFileType = folder.assetcatalog; path = "Preview Assets.xcassets"; sourceTree = "<group>"; };
		23CE02E629D0D88E00886C7F /* StockTwoTabTestTests.xctest */ = {isa = PBXFileReference; explicitFileType = wrapper.cfbundle; includeInIndex = 0; path = StockTwoTabTestTests.xctest; sourceTree = BUILT_PRODUCTS_DIR; };
		23CE02EA29D0D88E00886C7F /* StockTwoTabTestTests.swift */ = {isa = PBXFileReference; lastKnownFileType = sourcecode.swift; path = StockTwoTabTestTests.swift; sourceTree = "<group>"; };
		23CE02F029D0D88E00886C7F /* StockTwoTabTestUITests.xctest */ = {isa = PBXFileReference; explicitFileType = wrapper.cfbundle; includeInIndex = 0; path = StockTwoTabTestUITests.xctest; sourceTree = BUILT_PRODUCTS_DIR; };
		23CE02F429D0D88E00886C7F /* StockTwoTabTestUITests.swift */ = {isa = PBXFileReference; lastKnownFileType = sourcecode.swift; path = StockTwoTabTestUITests.swift; sourceTree = "<group>"; };
		23CE02F629D0D88E00886C7F /* StockTwoTabTestUITestsLaunchTests.swift */ = {isa = PBXFileReference; lastKnownFileType = sourcecode.swift; path = StockTwoTabTestUITestsLaunchTests.swift; sourceTree = "<group>"; };
/* End PBXFileReference section */

/* Begin PBXFrameworksBuildPhase section */
		23CE02D329D0D88C00886C7F /* Frameworks */ = {
			isa = PBXFrameworksBuildPhase;
			buildActionMask = 2147483647;
			files = (
			);
			runOnlyForDeploymentPostprocessing = 0;
		};
		23CE02E329D0D88E00886C7F /* Frameworks */ = {
			isa = PBXFrameworksBuildPhase;
			buildActionMask = 2147483647;
			files = (
			);
			runOnlyForDeploymentPostprocessing = 0;
		};
		23CE02ED29D0D88E00886C7F /* Frameworks */ = {
			isa = PBXFrameworksBuildPhase;
			buildActionMask = 2147483647;
			files = (
			);
			runOnlyForDeploymentPostprocessing = 0;
		};
/* End PBXFrameworksBuildPhase section */

/* Begin PBXGroup section */
		23CE02CD29D0D88C00886C7F = {
			isa = PBXGroup;
			children = (
				23CE02D829D0D88C00886C7F /* StockTwoTabTest */,
				23CE02E929D0D88E00886C7F /* StockTwoTabTestTests */,
				23CE02F329D0D88E00886C7F /* StockTwoTabTestUITests */,
				23CE02D729D0D88C00886C7F /* Products */,
			);
			sourceTree = "<group>";
		};
		23CE02D729D0D88C00886C7F /* Products */ = {
			isa = PBXGroup;
			children = (
				23CE02D629D0D88C00886C7F /* StockTwoTabTest.app */,
				23CE02E629D0D88E00886C7F /* StockTwoTabTestTests.xctest */,
				23CE02F029D0D88E00886C7F /* StockTwoTabTestUITests.xctest */,
			);
			name = Products;
			sourceTree = "<group>";
		};
		23CE02D829D0D88C00886C7F /* StockTwoTabTest */ = {
			isa = PBXGroup;
			children = (
				23CE02D929D0D88C00886C7F /* StockTwoTabTestApp.swift */,
				23CE02DB29D0D88C00886C7F /* ContentView.swift */,
				23CE02DD29D0D88E00886C7F /* Assets.xcassets */,
				23CE02DF29D0D88E00886C7F /* Preview Content */,
			);
			path = StockTwoTabTest;
			sourceTree = "<group>";
		};
		23CE02DF29D0D88E00886C7F /* Preview Content */ = {
			isa = PBXGroup;
			children = (
				23CE02E029D0D88E00886C7F /* Preview Assets.xcassets */,
			);
			path = "Preview Content";
			sourceTree = "<group>";
		};
		23CE02E929D0D88E00886C7F /* StockTwoTabTestTests */ = {
			isa = PBXGroup;
			children = (
				23CE02EA29D0D88E00886C7F /* StockTwoTabTestTests.swift */,
			);
			path = StockTwoTabTestTests;
			sourceTree = "<group>";
		};
		23CE02F329D0D88E00886C7F /* StockTwoTabTestUITests */ = {
			isa = PBXGroup;
			children = (
				23CE02F429D0D88E00886C7F /* StockTwoTabTestUITests.swift */,
				23CE02F629D0D88E00886C7F /* StockTwoTabTestUITestsLaunchTests.swift */,
			);
			path = StockTwoTabTestUITests;
			sourceTree = "<group>";
		};
/* End PBXGroup section */

/* Begin PBXNativeTarget section */
		23CE02D529D0D88C00886C7F /* StockTwoTabTest */ = {
			isa = PBXNativeTarget;
			buildConfigurationList = 23CE02FA29D0D88E00886C7F /* Build configuration list for PBXNativeTarget "StockTwoTabTest" */;
			buildPhases = (
				23CE02D229D0D88C00886C7F /* Sources */,
				23CE02D329D0D88C00886C7F /* Frameworks */,
				23CE02D429D0D88C00886C7F /* Resources */,
			);
			buildRules = (
			);
			dependencies = (
			);
			name = StockTwoTabTest;
			productName = StockTwoTabTest;
			productReference = 23CE02D629D0D88C00886C7F /* StockTwoTabTest.app */;
			productType = "com.apple.product-type.application";
		};
		23CE02E529D0D88E00886C7F /* StockTwoTabTestTests */ = {
			isa = PBXNativeTarget;
			buildConfigurationList = 23CE02FD29D0D88E00886C7F /* Build configuration list for PBXNativeTarget "StockTwoTabTestTests" */;
			buildPhases = (
				23CE02E229D0D88E00886C7F /* Sources */,
				23CE02E329D0D88E00886C7F /* Frameworks */,
				23CE02E429D0D88E00886C7F /* Resources */,
			);
			buildRules = (
			);
			dependencies = (
				23CE02E829D0D88E00886C7F /* PBXTargetDependency */,
			);
			name = StockTwoTabTestTests;
			productName = StockTwoTabTestTests;
			productReference = 23CE02E629D0D88E00886C7F /* StockTwoTabTestTests.xctest */;
			productType = "com.apple.product-type.bundle.unit-test";
		};
		23CE02EF29D0D88E00886C7F /* StockTwoTabTestUITests */ = {
			isa = PBXNativeTarget;
			buildConfigurationList = 23CE030029D0D88E00886C7F /* Build configuration list for PBXNativeTarget "StockTwoTabTestUITests" */;
			buildPhases = (
				23CE02EC29D0D88E00886C7F /* Sources */,
				23CE02ED29D0D88E00886C7F /* Frameworks */,
				23CE02EE29D0D88E00886C7F /* Resources */,
			);
			buildRules = (
			);
			dependencies = (
				23CE02F229D0D88E00886C7F /* PBXTargetDependency */,
			);
			name = StockTwoTabTestUITests;
			productName = StockTwoTabTestUITests;
			productReference = 23CE02F029D0D88E00886C7F /* StockTwoTabTestUITests.xctest */;
			productType = "com.apple.product-type.bundle.ui-testing";
		};
/* End PBXNativeTarget section */

/* Begin PBXProject section */
		23CE02CE29D0D88C00886C7F /* Project object */ = {
			isa = PBXProject;
			attributes = {
				BuildIndependentTargetsInParallel = 1;
				LastSwiftUpdateCheck = 1400;
				LastUpgradeCheck = 1400;
				TargetAttributes = {
					23CE02D529D0D88C00886C7F = {
						CreatedOnToolsVersion = 14.0.1;
					};
					23CE02E529D0D88E00886C7F = {
						CreatedOnToolsVersion = 14.0.1;
						TestTargetID = 23CE02D529D0D88C00886C7F;
					};
					23CE02EF29D0D88E00886C7F = {
						CreatedOnToolsVersion = 14.0.1;
						TestTargetID = 23CE02D529D0D88C00886C7F;
					};
				};
			};
			buildConfigurationList = 23CE02D129D0D88C00886C7F /* Build configuration list for PBXProject "StockTwoTabTest" */;
			compatibilityVersion = "Xcode 14.0";
			developmentRegion = en;
			hasScannedForEncodings = 0;
			knownRegions = (
				en,
				Base,
			);
			mainGroup = 23CE02CD29D0D88C00886C7F;
			productRefGroup = 23CE02D729D0D88C00886C7F /* Products */;
			projectDirPath = "";
			projectRoot = "";
			targets = (
				23CE02D529D0D88C00886C7F /* StockTwoTabTest */,
				23CE02E529D0D88E00886C7F /* StockTwoTabTestTests */,
				23CE02EF29D0D88E00886C7F /* StockTwoTabTestUITests */,
			);
		};
/* End PBXProject section */

/* Begin PBXResourcesBuildPhase section */
		23CE02D429D0D88C00886C7F /* Resources */ = {
			isa = PBXResourcesBuildPhase;
			buildActionMask = 2147483647;
			files = (
				23CE02E129D0D88E00886C7F /* Preview Assets.xcassets in Resources */,
				23CE02DE29D0D88E00886C7F /* Assets.xcassets in Resources */,
			);
			runOnlyForDeploymentPostprocessing = 0;
		};
		23CE02E429D0D88E00886C7F /* Resources */ = {
			isa = PBXResourcesBuildPhase;
			buildActionMask = 2147483647;
			files = (
			);
			runOnlyForDeploymentPostprocessing = 0;
		};
		23CE02EE29D0D88E00886C7F /* Resources */ = {
			isa = PBXResourcesBuildPhase;
			buildActionMask = 2147483647;
			files = (
			);
			runOnlyForDeploymentPostprocessing = 0;
		};
/* End PBXResourcesBuildPhase section */

/* Begin PBXSourcesBuildPhase section */
		23CE02D229D0D88C00886C7F /* Sources */ = {
			isa = PBXSourcesBuildPhase;
			buildActionMask = 2147483647;
			files = (
				23CE02DC29D0D88C00886C7F /* ContentView.swift in Sources */,
				23CE02DA29D0D88C00886C7F /* StockTwoTabTestApp.swift in Sources */,
			);
			runOnlyForDeploymentPostprocessing = 0;
		};
		23CE02E229D0D88E00886C7F /* Sources */ = {
			isa = PBXSourcesBuildPhase;
			buildActionMask = 2147483647;
			files = (
				23CE02EB29D0D88E00886C7F /* StockTwoTabTestTests.swift in Sources */,
			);
			runOnlyForDeploymentPostprocessing = 0;
		};
		23CE02EC29D0D88E00886C7F /* Sources */ = {
			isa = PBXSourcesBuildPhase;
			buildActionMask = 2147483647;
			files = (
				23CE02F729D0D88E00886C7F /* StockTwoTabTestUITestsLaunchTests.swift in Sources */,
				23CE02F529D0D88E00886C7F /* StockTwoTabTestUITests.swift in Sources */,
			);
			runOnlyForDeploymentPostprocessing = 0;
		};
/* End PBXSourcesBuildPhase section */

/* Begin PBXTargetDependency section */
		23CE02E829D0D88E00886C7F /* PBXTargetDependency */ = {
			isa = PBXTargetDependency;
			target = 23CE02D529D0D88C00886C7F /* StockTwoTabTest */;
			targetProxy = 23CE02E729D0D88E00886C7F /* PBXContainerItemProxy */;
		};
		23CE02F229D0D88E00886C7F /* PBXTargetDependency */ = {
			isa = PBXTargetDependency;
			target = 23CE02D529D0D88C00886C7F /* StockTwoTabTest */;
			targetProxy = 23CE02F129D0D88E00886C7F /* PBXContainerItemProxy */;
		};
/* End PBXTargetDependency section */

/* Begin XCBuildConfiguration section */
		23CE02F829D0D88E00886C7F /* Debug */ = {
			isa = XCBuildConfiguration;
			buildSettings = {
				ALWAYS_SEARCH_USER_PATHS = NO;
				CLANG_ANALYZER_NONNULL = YES;
				CLANG_ANALYZER_NUMBER_OBJECT_CONVERSION = YES_AGGRESSIVE;
				CLANG_CXX_LANGUAGE_STANDARD = "gnu++20";
				CLANG_ENABLE_MODULES = YES;
				CLANG_ENABLE_OBJC_ARC = YES;
				CLANG_ENABLE_OBJC_WEAK = YES;
				CLANG_WARN_BLOCK_CAPTURE_AUTORELEASING = YES;
				CLANG_WARN_BOOL_CONVERSION = YES;
				CLANG_WARN_COMMA = YES;
				CLANG_WARN_CONSTANT_CONVERSION = YES;
				CLANG_WARN_DEPRECATED_OBJC_IMPLEMENTATIONS = YES;
				CLANG_WARN_DIRECT_OBJC_ISA_USAGE = YES_ERROR;
				CLANG_WARN_DOCUMENTATION_COMMENTS = YES;
				CLANG_WARN_EMPTY_BODY = YES;
				CLANG_WARN_ENUM_CONVERSION = YES;
				CLANG_WARN_INFINITE_RECURSION = YES;
				CLANG_WARN_INT_CONVERSION = YES;
				CLANG_WARN_NON_LITERAL_NULL_CONVERSION = YES;
				CLANG_WARN_OBJC_IMPLICIT_RETAIN_SELF = YES;
				CLANG_WARN_OBJC_LITERAL_CONVERSION = YES;
				CLANG_WARN_OBJC_ROOT_CLASS = YES_ERROR;
				CLANG_WARN_QUOTED_INCLUDE_IN_FRAMEWORK_HEADER = YES;
				CLANG_WARN_RANGE_LOOP_ANALYSIS = YES;
				CLANG_WARN_STRICT_PROTOTYPES = YES;
				CLANG_WARN_SUSPICIOUS_MOVE = YES;
				CLANG_WARN_UNGUARDED_AVAILABILITY = YES_AGGRESSIVE;
				CLANG_WARN_UNREACHABLE_CODE = YES;
				CLANG_WARN__DUPLICATE_METHOD_MATCH = YES;
				COPY_PHASE_STRIP = NO;
				DEBUG_INFORMATION_FORMAT = dwarf;
				ENABLE_STRICT_OBJC_MSGSEND = YES;
				ENABLE_TESTABILITY = YES;
				GCC_C_LANGUAGE_STANDARD = gnu11;
				GCC_DYNAMIC_NO_PIC = NO;
				GCC_NO_COMMON_BLOCKS = YES;
				GCC_OPTIMIZATION_LEVEL = 0;
				GCC_PREPROCESSOR_DEFINITIONS = (
					"DEBUG=1",
					"$(inherited)",
				);
				GCC_WARN_64_TO_32_BIT_CONVERSION = YES;
				GCC_WARN_ABOUT_RETURN_TYPE = YES_ERROR;
				GCC_WARN_UNDECLARED_SELECTOR = YES;
				GCC_WARN_UNINITIALIZED_AUTOS = YES_AGGRESSIVE;
				GCC_WARN_UNUSED_FUNCTION = YES;
				GCC_WARN_UNUSED_VARIABLE = YES;
				IPHONEOS_DEPLOYMENT_TARGET = 16.0;
				MTL_ENABLE_DEBUG_INFO = INCLUDE_SOURCE;
				MTL_FAST_MATH = YES;
				ONLY_ACTIVE_ARCH = YES;
				SDKROOT = iphoneos;
				SWIFT_ACTIVE_COMPILATION_CONDITIONS = DEBUG;
				SWIFT_OPTIMIZATION_LEVEL = "-Onone";
			};
			name = Debug;
		};
		23CE02F929D0D88E00886C7F /* Release */ = {
			isa = XCBuildConfiguration;
			buildSettings = {
				ALWAYS_SEARCH_USER_PATHS = NO;
				CLANG_ANALYZER_NONNULL = YES;
				CLANG_ANALYZER_NUMBER_OBJECT_CONVERSION = YES_AGGRESSIVE;
				CLANG_CXX_LANGUAGE_STANDARD = "gnu++20";
				CLANG_ENABLE_MODULES = YES;
				CLANG_ENABLE_OBJC_ARC = YES;
				CLANG_ENABLE_OBJC_WEAK = YES;
				CLANG_WARN_BLOCK_CAPTURE_AUTORELEASING = YES;
				CLANG_WARN_BOOL_CONVERSION = YES;
				CLANG_WARN_COMMA = YES;
				CLANG_WARN_CONSTANT_CONVERSION = YES;
				CLANG_WARN_DEPRECATED_OBJC_IMPLEMENTATIONS = YES;
				CLANG_WARN_DIRECT_OBJC_ISA_USAGE = YES_ERROR;
				CLANG_WARN_DOCUMENTATION_COMMENTS = YES;
				CLANG_WARN_EMPTY_BODY = YES;
				CLANG_WARN_ENUM_CONVERSION = YES;
				CLANG_WARN_INFINITE_RECURSION = YES;
				CLANG_WARN_INT_CONVERSION = YES;
				CLANG_WARN_NON_LITERAL_NULL_CONVERSION = YES;
				CLANG_WARN_OBJC_IMPLICIT_RETAIN_SELF = YES;
				CLANG_WARN_OBJC_LITERAL_CONVERSION = YES;
				CLANG_WARN_OBJC_ROOT_CLASS = YES_ERROR;
				CLANG_WARN_QUOTED_INCLUDE_IN_FRAMEWORK_HEADER = YES;
				CLANG_WARN_RANGE_LOOP_ANALYSIS = YES;
				CLANG_WARN_STRICT_PROTOTYPES = YES;
				CLANG_WARN_SUSPICIOUS_MOVE = YES;
				CLANG_WARN_UNGUARDED_AVAILABILITY = YES_AGGRESSIVE;
				CLANG_WARN_UNREACHABLE_CODE = YES;
				CLANG_WARN__DUPLICATE_METHOD_MATCH = YES;
				COPY_PHASE_STRIP = NO;
				DEBUG_INFORMATION_FORMAT = "dwarf-with-dsym";
				ENABLE_NS_ASSERTIONS = NO;
				ENABLE_STRICT_OBJC_MSGSEND = YES;
				GCC_C_LANGUAGE_STANDARD = gnu11;
				GCC_NO_COMMON_BLOCKS = YES;
				GCC_WARN_64_TO_32_BIT_CONVERSION = YES;
				GCC_WARN_ABOUT_RETURN_TYPE = YES_ERROR;
				GCC_WARN_UNDECLARED_SELECTOR = YES;
				GCC_WARN_UNINITIALIZED_AUTOS = YES_AGGRESSIVE;
				GCC_WARN_UNUSED_FUNCTION = YES;
				GCC_WARN_UNUSED_VARIABLE = YES;
				IPHONEOS_DEPLOYMENT_TARGET = 16.0;
				MTL_ENABLE_DEBUG_INFO = NO;
				MTL_FAST_MATH = YES;
				SDKROOT = iphoneos;
				SWIFT_COMPILATION_MODE = wholemodule;
				SWIFT_OPTIMIZATION_LEVEL = "-O";
				VALIDATE_PRODUCT = YES;
			};
			name = Release;
		};
		23CE02FB29D0D88E00886C7F /* Debug */ = {
			isa = XCBuildConfiguration;
			buildSettings = {
				ASSETCATALOG_COMPILER_APPICON_NAME = AppIcon;
				ASSETCATALOG_COMPILER_GLOBAL_ACCENT_COLOR_NAME = AccentColor;
				CODE_SIGN_STYLE = Automatic;
				CURRENT_PROJECT_VERSION = 1;
				DEVELOPMENT_ASSET_PATHS = "\"StockTwoTabTest/Preview Content\"";
				ENABLE_PREVIEWS = YES;
				GENERATE_INFOPLIST_FILE = YES;
				INFOPLIST_KEY_UIApplicationSceneManifest_Generation = YES;
				INFOPLIST_KEY_UIApplicationSupportsIndirectInputEvents = YES;
				INFOPLIST_KEY_UILaunchScreen_Generation = YES;
				INFOPLIST_KEY_UISupportedInterfaceOrientations_iPad = "UIInterfaceOrientationPortrait UIInterfaceOrientationPortraitUpsideDown UIInterfaceOrientationLandscapeLeft UIInterfaceOrientationLandscapeRight";
				INFOPLIST_KEY_UISupportedInterfaceOrientations_iPhone = "UIInterfaceOrientationPortrait UIInterfaceOrientationLandscapeLeft UIInterfaceOrientationLandscapeRight";
				LD_RUNPATH_SEARCH_PATHS = (
					"$(inherited)",
					"@executable_path/Frameworks",
				);
				MARKETING_VERSION = 1.0;
				PRODUCT_BUNDLE_IDENTIFIER = SeniorDesign.StockTwoTabTest;
				PRODUCT_NAME = "$(TARGET_NAME)";
				SWIFT_EMIT_LOC_STRINGS = YES;
				SWIFT_VERSION = 5.0;
				TARGETED_DEVICE_FAMILY = "1,2";
			};
			name = Debug;
		};
		23CE02FC29D0D88E00886C7F /* Release */ = {
			isa = XCBuildConfiguration;
			buildSettings = {
				ASSETCATALOG_COMPILER_APPICON_NAME = AppIcon;
				ASSETCATALOG_COMPILER_GLOBAL_ACCENT_COLOR_NAME = AccentColor;
				CODE_SIGN_STYLE = Automatic;
				CURRENT_PROJECT_VERSION = 1;
				DEVELOPMENT_ASSET_PATHS = "\"StockTwoTabTest/Preview Content\"";
				ENABLE_PREVIEWS = YES;
				GENERATE_INFOPLIST_FILE = YES;
				INFOPLIST_KEY_UIApplicationSceneManifest_Generation = YES;
				INFOPLIST_KEY_UIApplicationSupportsIndirectInputEvents = YES;
				INFOPLIST_KEY_UILaunchScreen_Generation = YES;
				INFOPLIST_KEY_UISupportedInterfaceOrientations_iPad = "UIInterfaceOrientationPortrait UIInterfaceOrientationPortraitUpsideDown UIInterfaceOrientationLandscapeLeft UIInterfaceOrientationLandscapeRight";
				INFOPLIST_KEY_UISupportedInterfaceOrientations_iPhone = "UIInterfaceOrientationPortrait UIInterfaceOrientationLandscapeLeft UIInterfaceOrientationLandscapeRight";
				LD_RUNPATH_SEARCH_PATHS = (
					"$(inherited)",
					"@executable_path/Frameworks",
				);
				MARKETING_VERSION = 1.0;
				PRODUCT_BUNDLE_IDENTIFIER = SeniorDesign.StockTwoTabTest;
				PRODUCT_NAME = "$(TARGET_NAME)";
				SWIFT_EMIT_LOC_STRINGS = YES;
				SWIFT_VERSION = 5.0;
				TARGETED_DEVICE_FAMILY = "1,2";
			};
			name = Release;
		};
		23CE02FE29D0D88E00886C7F /* Debug */ = {
			isa = XCBuildConfiguration;
			buildSettings = {
				ALWAYS_EMBED_SWIFT_STANDARD_LIBRARIES = YES;
				BUNDLE_LOADER = "$(TEST_HOST)";
				CODE_SIGN_STYLE = Automatic;
				CURRENT_PROJECT_VERSION = 1;
				GENERATE_INFOPLIST_FILE = YES;
				IPHONEOS_DEPLOYMENT_TARGET = 16.0;
				MARKETING_VERSION = 1.0;
				PRODUCT_BUNDLE_IDENTIFIER = SeniorDesign.StockTwoTabTestTests;
				PRODUCT_NAME = "$(TARGET_NAME)";
				SWIFT_EMIT_LOC_STRINGS = NO;
				SWIFT_VERSION = 5.0;
				TARGETED_DEVICE_FAMILY = "1,2";
				TEST_HOST = "$(BUILT_PRODUCTS_DIR)/StockTwoTabTest.app/$(BUNDLE_EXECUTABLE_FOLDER_PATH)/StockTwoTabTest";
			};
			name = Debug;
		};
		23CE02FF29D0D88E00886C7F /* Release */ = {
			isa = XCBuildConfiguration;
			buildSettings = {
				ALWAYS_EMBED_SWIFT_STANDARD_LIBRARIES = YES;
				BUNDLE_LOADER = "$(TEST_HOST)";
				CODE_SIGN_STYLE = Automatic;
				CURRENT_PROJECT_VERSION = 1;
				GENERATE_INFOPLIST_FILE = YES;
				IPHONEOS_DEPLOYMENT_TARGET = 16.0;
				MARKETING_VERSION = 1.0;
				PRODUCT_BUNDLE_IDENTIFIER = SeniorDesign.StockTwoTabTestTests;
				PRODUCT_NAME = "$(TARGET_NAME)";
				SWIFT_EMIT_LOC_STRINGS = NO;
				SWIFT_VERSION = 5.0;
				TARGETED_DEVICE_FAMILY = "1,2";
				TEST_HOST = "$(BUILT_PRODUCTS_DIR)/StockTwoTabTest.app/$(BUNDLE_EXECUTABLE_FOLDER_PATH)/StockTwoTabTest";
			};
			name = Release;
		};
		23CE030129D0D88E00886C7F /* Debug */ = {
			isa = XCBuildConfiguration;
			buildSettings = {
				ALWAYS_EMBED_SWIFT_STANDARD_LIBRARIES = YES;
				CODE_SIGN_STYLE = Automatic;
				CURRENT_PROJECT_VERSION = 1;
				GENERATE_INFOPLIST_FILE = YES;
				MARKETING_VERSION = 1.0;
				PRODUCT_BUNDLE_IDENTIFIER = SeniorDesign.StockTwoTabTestUITests;
				PRODUCT_NAME = "$(TARGET_NAME)";
				SWIFT_EMIT_LOC_STRINGS = NO;
				SWIFT_VERSION = 5.0;
				TARGETED_DEVICE_FAMILY = "1,2";
				TEST_TARGET_NAME = StockTwoTabTest;
			};
			name = Debug;
		};
		23CE030229D0D88E00886C7F /* Release */ = {
			isa = XCBuildConfiguration;
			buildSettings = {
				ALWAYS_EMBED_SWIFT_STANDARD_LIBRARIES = YES;
				CODE_SIGN_STYLE = Automatic;
				CURRENT_PROJECT_VERSION = 1;
				GENERATE_INFOPLIST_FILE = YES;
				MARKETING_VERSION = 1.0;
				PRODUCT_BUNDLE_IDENTIFIER = SeniorDesign.StockTwoTabTestUITests;
				PRODUCT_NAME = "$(TARGET_NAME)";
				SWIFT_EMIT_LOC_STRINGS = NO;
				SWIFT_VERSION = 5.0;
				TARGETED_DEVICE_FAMILY = "1,2";
				TEST_TARGET_NAME = StockTwoTabTest;
			};
			name = Release;
		};
/* End XCBuildConfiguration section */

/* Begin XCConfigurationList section */
		23CE02D129D0D88C00886C7F /* Build configuration list for PBXProject "StockTwoTabTest" */ = {
			isa = XCConfigurationList;
			buildConfigurations = (
				23CE02F829D0D88E00886C7F /* Debug */,
				23CE02F929D0D88E00886C7F /* Release */,
			);
			defaultConfigurationIsVisible = 0;
			defaultConfigurationName = Release;
		};
		23CE02FA29D0D88E00886C7F /* Build configuration list for PBXNativeTarget "StockTwoTabTest" */ = {
			isa = XCConfigurationList;
			buildConfigurations = (
				23CE02FB29D0D88E00886C7F /* Debug */,
				23CE02FC29D0D88E00886C7F /* Release */,
			);
			defaultConfigurationIsVisible = 0;
			defaultConfigurationName = Release;
		};
		23CE02FD29D0D88E00886C7F /* Build configuration list for PBXNativeTarget "StockTwoTabTestTests" */ = {
			isa = XCConfigurationList;
			buildConfigurations = (
				23CE02FE29D0D88E00886C7F /* Debug */,
				23CE02FF29D0D88E00886C7F /* Release */,
			);
			defaultConfigurationIsVisible = 0;
			defaultConfigurationName = Release;
		};
		23CE030029D0D88E00886C7F /* Build configuration list for PBXNativeTarget "StockTwoTabTestUITests" */ = {
			isa = XCConfigurationList;
			buildConfigurations = (
				23CE030129D0D88E00886C7F /* Debug */,
				23CE030229D0D88E00886C7F /* Release */,
			);
			defaultConfigurationIsVisible = 0;
			defaultConfigurationName = Release;
		};
/* End XCConfigurationList section */
	};
	rootObject = 23CE02CE29D0D88C00886C7F /* Project object */;
}
